
Microsoft Visual Studio Solution File, Format Version 12.00
# Visual Studio Version 17
VisualStudioVersion = 17.0.31903.59
MinimumVisualStudioVersion = 10.0.40219.1
Project("{FAE04EC0-301F-11D3-BF4B-00C04F79EFBC}") = "McpServer", "McpServer\McpServer.csproj", "{A650AC0D-A305-4CEB-ADFE-C3E761FB2845}"
EndProject
Project("{FAE04EC0-301F-11D3-BF4B-00C04F79EFBC}") = "McpServer.Tests", "McpServer.Tests\McpServer.Tests.csproj", "{80B30497-A4A6-4FB0-86D9-9286FBF7BF20}"
EndProject
Global
	GlobalSection(SolutionConfigurationPlatforms) = preSolution
		Debug|Any CPU = Debug|Any CPU
		Release|Any CPU = Release|Any CPU
	EndGlobalSection
	GlobalSection(SolutionProperties) = preSolution
		HideSolutionNode = FALSE
	EndGlobalSection
	GlobalSection(ProjectConfigurationPlatforms) = postSolution
		{A650AC0D-A305-4CEB-ADFE-C3E761FB2845}.Debug|Any CPU.ActiveCfg = Debug|Any CPU
		{A650AC0D-A305-4CEB-ADFE-C3E761FB2845}.Debug|Any CPU.Build.0 = Debug|Any CPU
		{A650AC0D-A305-4CEB-ADFE-C3E761FB2845}.Release|Any CPU.ActiveCfg = Release|Any CPU
		{A650AC0D-A305-4CEB-ADFE-C3E761FB2845}.Release|Any CPU.Build.0 = Release|Any CPU
		{80B30497-A4A6-4FB0-86D9-9286FBF7BF20}.Debug|Any CPU.ActiveCfg = Debug|Any CPU
		{80B30497-A4A6-4FB0-86D9-9286FBF7BF20}.Debug|Any CPU.Build.0 = Debug|Any CPU
		{80B30497-A4A6-4FB0-86D9-9286FBF7BF20}.Release|Any CPU.ActiveCfg = Release|Any CPU
		{80B30497-A4A6-4FB0-86D9-9286FBF7BF20}.Release|Any CPU.Build.0 = Release|Any CPU
	EndGlobalSection
EndGlobal
